
Microsoft Visual Studio Solution File, Format Version 12.00
# Visual Studio Version 17
VisualStudioVersion = 17.6.33829.357
MinimumVisualStudioVersion = 10.0.40219.1
Project("{8BC9CEB8-8B4A-11D0-8D11-00A0C91BC942}") = "MP2_Part1", "MP2_Part1\MP2_Part1.vcxproj", "{725DACAE-08E2-4E46-AC15-2B3489B69948}"
EndProject
Global
	GlobalSection(SolutionConfigurationPlatforms) = preSolution
		Debug|x64 = Debug|x64
		Release|x64 = Release|x64
	EndGlobalSection
	GlobalSection(ProjectConfigurationPlatforms) = postSolution
		{725DACAE-08E2-4E46-AC15-2B3489B69948}.Debug|x64.ActiveCfg = Debug|x64
		{725DACAE-08E2-4E46-AC15-2B3489B69948}.Debug|x64.Build.0 = Debug|x64
		{725DACAE-08E2-4E46-AC15-2B3489B69948}.Release|x64.ActiveCfg = Release|x64
		{725DACAE-08E2-4E46-AC15-2B3489B69948}.Release|x64.Build.0 = Release|x64
	EndGlobalSection
	GlobalSection(SolutionProperties) = preSolution
		HideSolutionNode = FALSE
	EndGlobalSection
	GlobalSection(ExtensibilityGlobals) = postSolution
		SolutionGuid = {14EDB9DE-BE60-4F66-9F7F-167F6B42EC12}
	EndGlobalSection
EndGlobal
